// !$*UTF8*$!
{
	archiveVersion = 1;
	classes = {
	};
	objectVersion = 56;
	objects = {

/* Begin PBXBuildFile section */
		2529525A2C08C21C00BD392A /* RemoveDublicatesFromSortedArrayTask.swift in Sources */ = {isa = PBXBuildFile; fileRef = 252952592C08C21C00BD392A /* RemoveDublicatesFromSortedArrayTask.swift */; };
		2531CE2B2BFE5D1F001E688C /* AppDelegate.swift in Sources */ = {isa = PBXBuildFile; fileRef = 2531CE2A2BFE5D1F001E688C /* AppDelegate.swift */; };
		2531CE2D2BFE5D1F001E688C /* SceneDelegate.swift in Sources */ = {isa = PBXBuildFile; fileRef = 2531CE2C2BFE5D1F001E688C /* SceneDelegate.swift */; };
		2531CE2F2BFE5D1F001E688C /* ViewController.swift in Sources */ = {isa = PBXBuildFile; fileRef = 2531CE2E2BFE5D1F001E688C /* ViewController.swift */; };
		2531CE322BFE5D1F001E688C /* Main.storyboard in Resources */ = {isa = PBXBuildFile; fileRef = 2531CE302BFE5D1F001E688C /* Main.storyboard */; };
		2531CE342BFE5D21001E688C /* Assets.xcassets in Resources */ = {isa = PBXBuildFile; fileRef = 2531CE332BFE5D21001E688C /* Assets.xcassets */; };
		2531CE372BFE5D21001E688C /* LaunchScreen.storyboard in Resources */ = {isa = PBXBuildFile; fileRef = 2531CE352BFE5D21001E688C /* LaunchScreen.storyboard */; };
		2531CE432BFE72ED001E688C /* TwoSumTask.swift in Sources */ = {isa = PBXBuildFile; fileRef = 2531CE422BFE72ED001E688C /* TwoSumTask.swift */; };
		2531CE462BFE76DB001E688C /* PalindromeNumber.swift in Sources */ = {isa = PBXBuildFile; fileRef = 2531CE452BFE76DB001E688C /* PalindromeNumber.swift */; };
		2531CE482BFF3FED001E688C /* RomanIntegerTask.swift in Sources */ = {isa = PBXBuildFile; fileRef = 2531CE472BFF3FED001E688C /* RomanIntegerTask.swift */; };
		25D982852BFF7BD300EB2B59 /* LongestCommonPrefixTask.swift in Sources */ = {isa = PBXBuildFile; fileRef = 25D982842BFF7BD300EB2B59 /* LongestCommonPrefixTask.swift */; };
		25D982872BFFB54600EB2B59 /* ValidParenthesesTask.swift in Sources */ = {isa = PBXBuildFile; fileRef = 25D982862BFFB54600EB2B59 /* ValidParenthesesTask.swift */; };
/* End PBXBuildFile section */

/* Begin PBXFileReference section */
		252952592C08C21C00BD392A /* RemoveDublicatesFromSortedArrayTask.swift */ = {isa = PBXFileReference; lastKnownFileType = sourcecode.swift; path = RemoveDublicatesFromSortedArrayTask.swift; sourceTree = "<group>"; };
		2531CE272BFE5D1F001E688C /* AlgorithmTasks_project.app */ = {isa = PBXFileReference; explicitFileType = wrapper.application; includeInIndex = 0; path = AlgorithmTasks_project.app; sourceTree = BUILT_PRODUCTS_DIR; };
		2531CE2A2BFE5D1F001E688C /* AppDelegate.swift */ = {isa = PBXFileReference; lastKnownFileType = sourcecode.swift; path = AppDelegate.swift; sourceTree = "<group>"; };
		2531CE2C2BFE5D1F001E688C /* SceneDelegate.swift */ = {isa = PBXFileReference; lastKnownFileType = sourcecode.swift; path = SceneDelegate.swift; sourceTree = "<group>"; };
		2531CE2E2BFE5D1F001E688C /* ViewController.swift */ = {isa = PBXFileReference; lastKnownFileType = sourcecode.swift; path = ViewController.swift; sourceTree = "<group>"; };
		2531CE312BFE5D1F001E688C /* Base */ = {isa = PBXFileReference; lastKnownFileType = file.storyboard; name = Base; path = Base.lproj/Main.storyboard; sourceTree = "<group>"; };
		2531CE332BFE5D21001E688C /* Assets.xcassets */ = {isa = PBXFileReference; lastKnownFileType = folder.assetcatalog; path = Assets.xcassets; sourceTree = "<group>"; };
		2531CE362BFE5D21001E688C /* Base */ = {isa = PBXFileReference; lastKnownFileType = file.storyboard; name = Base; path = Base.lproj/LaunchScreen.storyboard; sourceTree = "<group>"; };
		2531CE382BFE5D21001E688C /* Info.plist */ = {isa = PBXFileReference; lastKnownFileType = text.plist.xml; path = Info.plist; sourceTree = "<group>"; };
		2531CE422BFE72ED001E688C /* TwoSumTask.swift */ = {isa = PBXFileReference; lastKnownFileType = sourcecode.swift; path = TwoSumTask.swift; sourceTree = "<group>"; };
		2531CE452BFE76DB001E688C /* PalindromeNumber.swift */ = {isa = PBXFileReference; lastKnownFileType = sourcecode.swift; path = PalindromeNumber.swift; sourceTree = "<group>"; };
		2531CE472BFF3FED001E688C /* RomanIntegerTask.swift */ = {isa = PBXFileReference; lastKnownFileType = sourcecode.swift; path = RomanIntegerTask.swift; sourceTree = "<group>"; };
		25D982842BFF7BD300EB2B59 /* LongestCommonPrefixTask.swift */ = {isa = PBXFileReference; lastKnownFileType = sourcecode.swift; path = LongestCommonPrefixTask.swift; sourceTree = "<group>"; };
		25D982862BFFB54600EB2B59 /* ValidParenthesesTask.swift */ = {isa = PBXFileReference; lastKnownFileType = sourcecode.swift; path = ValidParenthesesTask.swift; sourceTree = "<group>"; };
/* End PBXFileReference section */

/* Begin PBXFrameworksBuildPhase section */
		2531CE242BFE5D1F001E688C /* Frameworks */ = {
			isa = PBXFrameworksBuildPhase;
			buildActionMask = 2147483647;
			files = (
			);
			runOnlyForDeploymentPostprocessing = 0;
		};
/* End PBXFrameworksBuildPhase section */

/* Begin PBXGroup section */
		2531CE1E2BFE5D1F001E688C = {
			isa = PBXGroup;
			children = (
				2531CE292BFE5D1F001E688C /* AlgorithmTasks_project */,
				2531CE282BFE5D1F001E688C /* Products */,
			);
			sourceTree = "<group>";
		};
		2531CE282BFE5D1F001E688C /* Products */ = {
			isa = PBXGroup;
			children = (
				2531CE272BFE5D1F001E688C /* AlgorithmTasks_project.app */,
			);
			name = Products;
			sourceTree = "<group>";
		};
		2531CE292BFE5D1F001E688C /* AlgorithmTasks_project */ = {
			isa = PBXGroup;
			children = (
				2531CE2A2BFE5D1F001E688C /* AppDelegate.swift */,
				2531CE2C2BFE5D1F001E688C /* SceneDelegate.swift */,
				2531CE2E2BFE5D1F001E688C /* ViewController.swift */,
				2531CE442BFE7447001E688C /* Tasks */,
				2531CE302BFE5D1F001E688C /* Main.storyboard */,
				2531CE332BFE5D21001E688C /* Assets.xcassets */,
				2531CE352BFE5D21001E688C /* LaunchScreen.storyboard */,
				2531CE382BFE5D21001E688C /* Info.plist */,
			);
			path = AlgorithmTasks_project;
			sourceTree = "<group>";
		};
		2531CE442BFE7447001E688C /* Tasks */ = {
			isa = PBXGroup;
			children = (
				2531CE422BFE72ED001E688C /* TwoSumTask.swift */,
				2531CE452BFE76DB001E688C /* PalindromeNumber.swift */,
				2531CE472BFF3FED001E688C /* RomanIntegerTask.swift */,
				25D982842BFF7BD300EB2B59 /* LongestCommonPrefixTask.swift */,
				25D982862BFFB54600EB2B59 /* ValidParenthesesTask.swift */,
				252952592C08C21C00BD392A /* RemoveDublicatesFromSortedArrayTask.swift */,
			);
			path = Tasks;
			sourceTree = "<group>";
		};
/* End PBXGroup section */

/* Begin PBXNativeTarget section */
		2531CE262BFE5D1F001E688C /* AlgorithmTasks_project */ = {
			isa = PBXNativeTarget;
			buildConfigurationList = 2531CE3B2BFE5D21001E688C /* Build configuration list for PBXNativeTarget "AlgorithmTasks_project" */;
			buildPhases = (
				2531CE232BFE5D1F001E688C /* Sources */,
				2531CE242BFE5D1F001E688C /* Frameworks */,
				2531CE252BFE5D1F001E688C /* Resources */,
			);
			buildRules = (
			);
			dependencies = (
			);
			name = AlgorithmTasks_project;
			productName = AlgorithmTasks_project;
			productReference = 2531CE272BFE5D1F001E688C /* AlgorithmTasks_project.app */;
			productType = "com.apple.product-type.application";
		};
/* End PBXNativeTarget section */

/* Begin PBXProject section */
		2531CE1F2BFE5D1F001E688C /* Project object */ = {
			isa = PBXProject;
			attributes = {
				BuildIndependentTargetsInParallel = 1;
				LastSwiftUpdateCheck = 1520;
				LastUpgradeCheck = 1520;
				TargetAttributes = {
					2531CE262BFE5D1F001E688C = {
						CreatedOnToolsVersion = 15.2;
					};
				};
			};
			buildConfigurationList = 2531CE222BFE5D1F001E688C /* Build configuration list for PBXProject "AlgorithmTasks_project" */;
			compatibilityVersion = "Xcode 14.0";
			developmentRegion = en;
			hasScannedForEncodings = 0;
			knownRegions = (
				en,
				Base,
			);
			mainGroup = 2531CE1E2BFE5D1F001E688C;
			productRefGroup = 2531CE282BFE5D1F001E688C /* Products */;
			projectDirPath = "";
			projectRoot = "";
			targets = (
				2531CE262BFE5D1F001E688C /* AlgorithmTasks_project */,
			);
		};
/* End PBXProject section */

/* Begin PBXResourcesBuildPhase section */
		2531CE252BFE5D1F001E688C /* Resources */ = {
			isa = PBXResourcesBuildPhase;
			buildActionMask = 2147483647;
			files = (
				2531CE372BFE5D21001E688C /* LaunchScreen.storyboard in Resources */,
				2531CE342BFE5D21001E688C /* Assets.xcassets in Resources */,
				2531CE322BFE5D1F001E688C /* Main.storyboard in Resources */,
			);
			runOnlyForDeploymentPostprocessing = 0;
		};
/* End PBXResourcesBuildPhase section */

/* Begin PBXSourcesBuildPhase section */
		2531CE232BFE5D1F001E688C /* Sources */ = {
			isa = PBXSourcesBuildPhase;
			buildActionMask = 2147483647;
			files = (
				2531CE2F2BFE5D1F001E688C /* ViewController.swift in Sources */,
				25D982852BFF7BD300EB2B59 /* LongestCommonPrefixTask.swift in Sources */,
				25D982872BFFB54600EB2B59 /* ValidParenthesesTask.swift in Sources */,
				2531CE432BFE72ED001E688C /* TwoSumTask.swift in Sources */,
				2531CE2B2BFE5D1F001E688C /* AppDelegate.swift in Sources */,
				2529525A2C08C21C00BD392A /* RemoveDublicatesFromSortedArrayTask.swift in Sources */,
				2531CE482BFF3FED001E688C /* RomanIntegerTask.swift in Sources */,
				2531CE2D2BFE5D1F001E688C /* SceneDelegate.swift in Sources */,
				2531CE462BFE76DB001E688C /* PalindromeNumber.swift in Sources */,
			);
			runOnlyForDeploymentPostprocessing = 0;
		};
/* End PBXSourcesBuildPhase section */

/* Begin PBXVariantGroup section */
		2531CE302BFE5D1F001E688C /* Main.storyboard */ = {
			isa = PBXVariantGroup;
			children = (
				2531CE312BFE5D1F001E688C /* Base */,
			);
			name = Main.storyboard;
			sourceTree = "<group>";
		};
		2531CE352BFE5D21001E688C /* LaunchScreen.storyboard */ = {
			isa = PBXVariantGroup;
			children = (
				2531CE362BFE5D21001E688C /* Base */,
			);
			name = LaunchScreen.storyboard;
			sourceTree = "<group>";
		};
/* End PBXVariantGroup section */

/* Begin XCBuildConfiguration section */
		2531CE392BFE5D21001E688C /* Debug */ = {
			isa = XCBuildConfiguration;
			buildSettings = {
				ALWAYS_SEARCH_USER_PATHS = NO;
				ASSETCATALOG_COMPILER_GENERATE_SWIFT_ASSET_SYMBOL_EXTENSIONS = YES;
				CLANG_ANALYZER_NONNULL = YES;
				CLANG_ANALYZER_NUMBER_OBJECT_CONVERSION = YES_AGGRESSIVE;
				CLANG_CXX_LANGUAGE_STANDARD = "gnu++20";
				CLANG_ENABLE_MODULES = YES;
				CLANG_ENABLE_OBJC_ARC = YES;
				CLANG_ENABLE_OBJC_WEAK = YES;
				CLANG_WARN_BLOCK_CAPTURE_AUTORELEASING = YES;
				CLANG_WARN_BOOL_CONVERSION = YES;
				CLANG_WARN_COMMA = YES;
				CLANG_WARN_CONSTANT_CONVERSION = YES;
				CLANG_WARN_DEPRECATED_OBJC_IMPLEMENTATIONS = YES;
				CLANG_WARN_DIRECT_OBJC_ISA_USAGE = YES_ERROR;
				CLANG_WARN_DOCUMENTATION_COMMENTS = YES;
				CLANG_WARN_EMPTY_BODY = YES;
				CLANG_WARN_ENUM_CONVERSION = YES;
				CLANG_WARN_INFINITE_RECURSION = YES;
				CLANG_WARN_INT_CONVERSION = YES;
				CLANG_WARN_NON_LITERAL_NULL_CONVERSION = YES;
				CLANG_WARN_OBJC_IMPLICIT_RETAIN_SELF = YES;
				CLANG_WARN_OBJC_LITERAL_CONVERSION = YES;
				CLANG_WARN_OBJC_ROOT_CLASS = YES_ERROR;
				CLANG_WARN_QUOTED_INCLUDE_IN_FRAMEWORK_HEADER = YES;
				CLANG_WARN_RANGE_LOOP_ANALYSIS = YES;
				CLANG_WARN_STRICT_PROTOTYPES = YES;
				CLANG_WARN_SUSPICIOUS_MOVE = YES;
				CLANG_WARN_UNGUARDED_AVAILABILITY = YES_AGGRESSIVE;
				CLANG_WARN_UNREACHABLE_CODE = YES;
				CLANG_WARN__DUPLICATE_METHOD_MATCH = YES;
				COPY_PHASE_STRIP = NO;
				DEBUG_INFORMATION_FORMAT = dwarf;
				ENABLE_STRICT_OBJC_MSGSEND = YES;
				ENABLE_TESTABILITY = YES;
				ENABLE_USER_SCRIPT_SANDBOXING = YES;
				GCC_C_LANGUAGE_STANDARD = gnu17;
				GCC_DYNAMIC_NO_PIC = NO;
				GCC_NO_COMMON_BLOCKS = YES;
				GCC_OPTIMIZATION_LEVEL = 0;
				GCC_PREPROCESSOR_DEFINITIONS = (
					"DEBUG=1",
					"$(inherited)",
				);
				GCC_WARN_64_TO_32_BIT_CONVERSION = YES;
				GCC_WARN_ABOUT_RETURN_TYPE = YES_ERROR;
				GCC_WARN_UNDECLARED_SELECTOR = YES;
				GCC_WARN_UNINITIALIZED_AUTOS = YES_AGGRESSIVE;
				GCC_WARN_UNUSED_FUNCTION = YES;
				GCC_WARN_UNUSED_VARIABLE = YES;
				IPHONEOS_DEPLOYMENT_TARGET = 17.2;
				LOCALIZATION_PREFERS_STRING_CATALOGS = YES;
				MTL_ENABLE_DEBUG_INFO = INCLUDE_SOURCE;
				MTL_FAST_MATH = YES;
				ONLY_ACTIVE_ARCH = YES;
				SDKROOT = iphoneos;
				SWIFT_ACTIVE_COMPILATION_CONDITIONS = "DEBUG $(inherited)";
				SWIFT_OPTIMIZATION_LEVEL = "-Onone";
			};
			name = Debug;
		};
		2531CE3A2BFE5D21001E688C /* Release */ = {
			isa = XCBuildConfiguration;
			buildSettings = {
				ALWAYS_SEARCH_USER_PATHS = NO;
				ASSETCATALOG_COMPILER_GENERATE_SWIFT_ASSET_SYMBOL_EXTENSIONS = YES;
				CLANG_ANALYZER_NONNULL = YES;
				CLANG_ANALYZER_NUMBER_OBJECT_CONVERSION = YES_AGGRESSIVE;
				CLANG_CXX_LANGUAGE_STANDARD = "gnu++20";
				CLANG_ENABLE_MODULES = YES;
				CLANG_ENABLE_OBJC_ARC = YES;
				CLANG_ENABLE_OBJC_WEAK = YES;
				CLANG_WARN_BLOCK_CAPTURE_AUTORELEASING = YES;
				CLANG_WARN_BOOL_CONVERSION = YES;
				CLANG_WARN_COMMA = YES;
				CLANG_WARN_CONSTANT_CONVERSION = YES;
				CLANG_WARN_DEPRECATED_OBJC_IMPLEMENTATIONS = YES;
				CLANG_WARN_DIRECT_OBJC_ISA_USAGE = YES_ERROR;
				CLANG_WARN_DOCUMENTATION_COMMENTS = YES;
				CLANG_WARN_EMPTY_BODY = YES;
				CLANG_WARN_ENUM_CONVERSION = YES;
				CLANG_WARN_INFINITE_RECURSION = YES;
				CLANG_WARN_INT_CONVERSION = YES;
				CLANG_WARN_NON_LITERAL_NULL_CONVERSION = YES;
				CLANG_WARN_OBJC_IMPLICIT_RETAIN_SELF = YES;
				CLANG_WARN_OBJC_LITERAL_CONVERSION = YES;
				CLANG_WARN_OBJC_ROOT_CLASS = YES_ERROR;
				CLANG_WARN_QUOTED_INCLUDE_IN_FRAMEWORK_HEADER = YES;
				CLANG_WARN_RANGE_LOOP_ANALYSIS = YES;
				CLANG_WARN_STRICT_PROTOTYPES = YES;
				CLANG_WARN_SUSPICIOUS_MOVE = YES;
				CLANG_WARN_UNGUARDED_AVAILABILITY = YES_AGGRESSIVE;
				CLANG_WARN_UNREACHABLE_CODE = YES;
				CLANG_WARN__DUPLICATE_METHOD_MATCH = YES;
				COPY_PHASE_STRIP = NO;
				DEBUG_INFORMATION_FORMAT = "dwarf-with-dsym";
				ENABLE_NS_ASSERTIONS = NO;
				ENABLE_STRICT_OBJC_MSGSEND = YES;
				ENABLE_USER_SCRIPT_SANDBOXING = YES;
				GCC_C_LANGUAGE_STANDARD = gnu17;
				GCC_NO_COMMON_BLOCKS = YES;
				GCC_WARN_64_TO_32_BIT_CONVERSION = YES;
				GCC_WARN_ABOUT_RETURN_TYPE = YES_ERROR;
				GCC_WARN_UNDECLARED_SELECTOR = YES;
				GCC_WARN_UNINITIALIZED_AUTOS = YES_AGGRESSIVE;
				GCC_WARN_UNUSED_FUNCTION = YES;
				GCC_WARN_UNUSED_VARIABLE = YES;
				IPHONEOS_DEPLOYMENT_TARGET = 17.2;
				LOCALIZATION_PREFERS_STRING_CATALOGS = YES;
				MTL_ENABLE_DEBUG_INFO = NO;
				MTL_FAST_MATH = YES;
				SDKROOT = iphoneos;
				SWIFT_COMPILATION_MODE = wholemodule;
				VALIDATE_PRODUCT = YES;
			};
			name = Release;
		};
		2531CE3C2BFE5D21001E688C /* Debug */ = {
			isa = XCBuildConfiguration;
			buildSettings = {
				ASSETCATALOG_COMPILER_APPICON_NAME = AppIcon;
				ASSETCATALOG_COMPILER_GLOBAL_ACCENT_COLOR_NAME = AccentColor;
				CODE_SIGN_STYLE = Automatic;
				CURRENT_PROJECT_VERSION = 1;
				DEVELOPMENT_TEAM = JX58X5A5Y5;
				GENERATE_INFOPLIST_FILE = YES;
				INFOPLIST_FILE = AlgorithmTasks_project/Info.plist;
				INFOPLIST_KEY_UIApplicationSupportsIndirectInputEvents = YES;
				INFOPLIST_KEY_UILaunchStoryboardName = LaunchScreen;
				INFOPLIST_KEY_UIMainStoryboardFile = Main;
				INFOPLIST_KEY_UISupportedInterfaceOrientations_iPad = "UIInterfaceOrientationPortrait UIInterfaceOrientationPortraitUpsideDown UIInterfaceOrientationLandscapeLeft UIInterfaceOrientationLandscapeRight";
				INFOPLIST_KEY_UISupportedInterfaceOrientations_iPhone = "UIInterfaceOrientationPortrait UIInterfaceOrientationLandscapeLeft UIInterfaceOrientationLandscapeRight";
				LD_RUNPATH_SEARCH_PATHS = (
					"$(inherited)",
					"@executable_path/Frameworks",
				);
				MARKETING_VERSION = 1.0;
				PRODUCT_BUNDLE_IDENTIFIER = "Company.AlgorithmTasks-project";
				PRODUCT_NAME = "$(TARGET_NAME)";
				SWIFT_EMIT_LOC_STRINGS = YES;
				SWIFT_VERSION = 5.0;
				TARGETED_DEVICE_FAMILY = "1,2";
			};
			name = Debug;
		};
		2531CE3D2BFE5D21001E688C /* Release */ = {
			isa = XCBuildConfiguration;
			buildSettings = {
				ASSETCATALOG_COMPILER_APPICON_NAME = AppIcon;
				ASSETCATALOG_COMPILER_GLOBAL_ACCENT_COLOR_NAME = AccentColor;
				CODE_SIGN_STYLE = Automatic;
				CURRENT_PROJECT_VERSION = 1;
				DEVELOPMENT_TEAM = JX58X5A5Y5;
				GENERATE_INFOPLIST_FILE = YES;
				INFOPLIST_FILE = AlgorithmTasks_project/Info.plist;
				INFOPLIST_KEY_UIApplicationSupportsIndirectInputEvents = YES;
				INFOPLIST_KEY_UILaunchStoryboardName = LaunchScreen;
				INFOPLIST_KEY_UIMainStoryboardFile = Main;
				INFOPLIST_KEY_UISupportedInterfaceOrientations_iPad = "UIInterfaceOrientationPortrait UIInterfaceOrientationPortraitUpsideDown UIInterfaceOrientationLandscapeLeft UIInterfaceOrientationLandscapeRight";
				INFOPLIST_KEY_UISupportedInterfaceOrientations_iPhone = "UIInterfaceOrientationPortrait UIInterfaceOrientationLandscapeLeft UIInterfaceOrientationLandscapeRight";
				LD_RUNPATH_SEARCH_PATHS = (
					"$(inherited)",
					"@executable_path/Frameworks",
				);
				MARKETING_VERSION = 1.0;
				PRODUCT_BUNDLE_IDENTIFIER = "Company.AlgorithmTasks-project";
				PRODUCT_NAME = "$(TARGET_NAME)";
				SWIFT_EMIT_LOC_STRINGS = YES;
				SWIFT_VERSION = 5.0;
				TARGETED_DEVICE_FAMILY = "1,2";
			};
			name = Release;
		};
/* End XCBuildConfiguration section */

/* Begin XCConfigurationList section */
		2531CE222BFE5D1F001E688C /* Build configuration list for PBXProject "AlgorithmTasks_project" */ = {
			isa = XCConfigurationList;
			buildConfigurations = (
				2531CE392BFE5D21001E688C /* Debug */,
				2531CE3A2BFE5D21001E688C /* Release */,
			);
			defaultConfigurationIsVisible = 0;
			defaultConfigurationName = Release;
		};
		2531CE3B2BFE5D21001E688C /* Build configuration list for PBXNativeTarget "AlgorithmTasks_project" */ = {
			isa = XCConfigurationList;
			buildConfigurations = (
				2531CE3C2BFE5D21001E688C /* Debug */,
				2531CE3D2BFE5D21001E688C /* Release */,
			);
			defaultConfigurationIsVisible = 0;
			defaultConfigurationName = Release;
		};
/* End XCConfigurationList section */
	};
	rootObject = 2531CE1F2BFE5D1F001E688C /* Project object */;
}
